
Microsoft Visual Studio Solution File, Format Version 12.00
# Visual Studio Version 17
VisualStudioVersion = 17.11.35327.3
MinimumVisualStudioVersion = 10.0.40219.1
Project("{9A19103F-16F7-4668-BE54-9A1E7A4F7556}") = "RRHH", "RRHH.csproj", "{4187DFB4-9EC0-465A-BA42-2CA20976E46E}"
EndProject
Global
	GlobalSection(SolutionConfigurationPlatforms) = preSolution
		Debug|Any CPU = Debug|Any CPU
		Release|Any CPU = Release|Any CPU
	EndGlobalSection
	GlobalSection(ProjectConfigurationPlatforms) = postSolution
		{4187DFB4-9EC0-465A-BA42-2CA20976E46E}.Debug|Any CPU.ActiveCfg = Debug|Any CPU
		{4187DFB4-9EC0-465A-BA42-2CA20976E46E}.Debug|Any CPU.Build.0 = Debug|Any CPU
		{4187DFB4-9EC0-465A-BA42-2CA20976E46E}.Release|Any CPU.ActiveCfg = Release|Any CPU
		{4187DFB4-9EC0-465A-BA42-2CA20976E46E}.Release|Any CPU.Build.0 = Release|Any CPU
	EndGlobalSection
	GlobalSection(SolutionProperties) = preSolution
		HideSolutionNode = FALSE
	EndGlobalSection
	GlobalSection(ExtensibilityGlobals) = postSolution
		SolutionGuid = {06F5B52A-6B22-402E-B313-F2D3238FCB59}
	EndGlobalSection
EndGlobal
